
Microsoft Visual Studio Solution File, Format Version 12.00
# Visual Studio Version 17
VisualStudioVersion = 17.4.33213.308
MinimumVisualStudioVersion = 10.0.40219.1
Project("{FAE04EC0-301F-11D3-BF4B-00C04F79EFBC}") = "VecinoCercano", "VecinoCercano.csproj", "{1386F90A-CD80-43F8-ADF5-9A4772DB8794}"
EndProject
Global
	GlobalSection(SolutionConfigurationPlatforms) = preSolution
		Debug|Any CPU = Debug|Any CPU
		Release|Any CPU = Release|Any CPU
	EndGlobalSection
	GlobalSection(ProjectConfigurationPlatforms) = postSolution
		{1386F90A-CD80-43F8-ADF5-9A4772DB8794}.Debug|Any CPU.ActiveCfg = Debug|Any CPU
		{1386F90A-CD80-43F8-ADF5-9A4772DB8794}.Debug|Any CPU.Build.0 = Debug|Any CPU
		{1386F90A-CD80-43F8-ADF5-9A4772DB8794}.Release|Any CPU.ActiveCfg = Release|Any CPU
		{1386F90A-CD80-43F8-ADF5-9A4772DB8794}.Release|Any CPU.Build.0 = Release|Any CPU
	EndGlobalSection
	GlobalSection(SolutionProperties) = preSolution
		HideSolutionNode = FALSE
	EndGlobalSection
	GlobalSection(ExtensibilityGlobals) = postSolution
		SolutionGuid = {F84333CF-79CF-4C3F-AAB2-C00E9E3807ED}
	EndGlobalSection
EndGlobal
